# THIS IS AN AUTOGENERATED FILE. DO NOT EDIT THIS FILE DIRECTLY.
# yarn lockfile v1


"@ant-design/colors@^7.0.0":
  version "7.0.0"
  resolved "https://registry.yarnpkg.com/@ant-design/colors/-/colors-7.0.0.tgz#eb7eecead124c3533aea05d61254f0a17f2b61b3"
  integrity sha512-iVm/9PfGCbC0dSMBrz7oiEXZaaGH7ceU40OJEfKmyuzR9R5CRimJYPlRiFtMQGQcbNMea/ePcoIebi4ASGYXtg==
  dependencies:
    "@ctrl/tinycolor" "^3.4.0"

"@ant-design/cssinjs@^1.16.0":
  version "1.17.0"
  resolved "https://registry.yarnpkg.com/@ant-design/cssinjs/-/cssinjs-1.17.0.tgz#a3f69cf5131539b76ccdbfced43d242557599fea"
  integrity sha512-MgGCZ6sfD3yQB0XW0hN4jgixMxApTlDYyct+pc7fRZNO4CaqWWm/9iXkkljNR27lyWLZmm+XiDfcIOo1bnrnMA==
  dependencies:
    "@babel/runtime" "^7.11.1"
    "@emotion/hash" "^0.8.0"
    "@emotion/unitless" "^0.7.5"
    classnames "^2.3.1"
    csstype "^3.0.10"
    rc-util "^5.35.0"
    stylis "^4.0.13"

"@ant-design/icons-svg@^4.3.0":
  version "4.3.1"
  resolved "https://registry.yarnpkg.com/@ant-design/icons-svg/-/icons-svg-4.3.1.tgz#4b2f65a17d4d32b526baa6414aca2117382bf8da"
  integrity sha512-4QBZg8ccyC6LPIRii7A0bZUk3+lEDCLnhB+FVsflGdcWPPmV+j3fire4AwwoqHV/BibgvBmR9ZIo4s867smv+g==

"@ant-design/icons@^5.2.2":
  version "5.2.6"
  resolved "https://registry.yarnpkg.com/@ant-design/icons/-/icons-5.2.6.tgz#2d4a9a37f531eb2a20cebec01d6fb69cf593900d"
  integrity sha512-4wn0WShF43TrggskBJPRqCD0fcHbzTYjnaoskdiJrVHg86yxoZ8ZUqsXvyn4WUqehRiFKnaclOhqk9w4Ui2KVw==
  dependencies:
    "@ant-design/colors" "^7.0.0"
    "@ant-design/icons-svg" "^4.3.0"
    "@babel/runtime" "^7.11.2"
    classnames "^2.2.6"
    rc-util "^5.31.1"

"@ant-design/react-slick@~1.0.0":
  version "1.0.2"
  resolved "https://registry.yarnpkg.com/@ant-design/react-slick/-/react-slick-1.0.2.tgz#241bb412aeacf7ff5d50c61fa5db66773fde6b56"
  integrity sha512-Wj8onxL/T8KQLFFiCA4t8eIRGpRR+UPgOdac2sYzonv+i0n3kXHmvHLLiOYL655DQx2Umii9Y9nNgL7ssu5haQ==
  dependencies:
    "@babel/runtime" "^7.10.4"
    classnames "^2.2.5"
    json2mq "^0.2.0"
    resize-observer-polyfill "^1.5.1"
    throttle-debounce "^5.0.0"

"@babel/runtime@^7.10.1", "@babel/runtime@^7.10.4", "@babel/runtime@^7.11.1", "@babel/runtime@^7.11.2", "@babel/runtime@^7.12.5", "@babel/runtime@^7.16.7", "@babel/runtime@^7.18.0", "@babel/runtime@^7.18.3", "@babel/runtime@^7.20.0", "@babel/runtime@^7.20.7", "@babel/runtime@^7.21.0", "@babel/runtime@^7.22.5":
  version "7.23.1"
  resolved "https://registry.yarnpkg.com/@babel/runtime/-/runtime-7.23.1.tgz#72741dc4d413338a91dcb044a86f3c0bc402646d"
  integrity sha512-hC2v6p8ZSI/W0HUzh3V8C5g+NwSKzKPtJwSpTjwl0o297GP9+ZLQSkdvHz46CM3LqyoXxq+5G9komY+eSqSO0g==
  dependencies:
    regenerator-runtime "^0.14.0"

"@ctrl/tinycolor@^3.4.0", "@ctrl/tinycolor@^3.6.0":
  version "3.6.1"
  resolved "https://registry.yarnpkg.com/@ctrl/tinycolor/-/tinycolor-3.6.1.tgz#b6c75a56a1947cc916ea058772d666a2c8932f31"
  integrity sha512-SITSV6aIXsuVNV3f3O0f2n/cgyEDWoSqtZMYiAmcsYHydcKrOz3gUxB/iXd/Qf08+IZX4KpgNbvUdMBmWz+kcA==

"@emotion/hash@^0.8.0":
  version "0.8.0"
  resolved "https://registry.yarnpkg.com/@emotion/hash/-/hash-0.8.0.tgz#bbbff68978fefdbe68ccb533bc8cbe1d1afb5413"
  integrity sha512-kBJtf7PH6aWwZ6fka3zQ0p6SBYzx4fl1LoZXE2RrnYST9Xljm7WfKJrU4g/Xr3Beg72MLrp1AWNUmuYJTL7Cow==

"@emotion/unitless@^0.7.5":
  version "0.7.5"
  resolved "https://registry.yarnpkg.com/@emotion/unitless/-/unitless-0.7.5.tgz#77211291c1900a700b8a78cfafda3160d76949ed"
  integrity sha512-OWORNpfjMsSSUBVrRBVGECkhWcULOAJz9ZW8uK9qgxD+87M7jHRcvh/A96XXNhXTLmKcoYSQtBEX7lHMO7YRwg==

"@next/env@13.5.4":
  version "13.5.4"
  resolved "https://registry.yarnpkg.com/@next/env/-/env-13.5.4.tgz#777c3af16de2cf2f611b6c8126910062d13d222c"
  integrity sha512-LGegJkMvRNw90WWphGJ3RMHMVplYcOfRWf2Be3td3sUa+1AaxmsYyANsA+znrGCBjXJNi4XAQlSoEfUxs/4kIQ==

"@next/swc-darwin-arm64@13.5.4":
  version "13.5.4"
  resolved "https://registry.yarnpkg.com/@next/swc-darwin-arm64/-/swc-darwin-arm64-13.5.4.tgz#241957774fef3f876dc714cfc0ca6f00f561737e"
  integrity sha512-Df8SHuXgF1p+aonBMcDPEsaahNo2TCwuie7VXED4FVyECvdXfRT9unapm54NssV9tF3OQFKBFOdlje4T43VO0w==

"@next/swc-darwin-x64@13.5.4":
  version "13.5.4"
  resolved "https://registry.yarnpkg.com/@next/swc-darwin-x64/-/swc-darwin-x64-13.5.4.tgz#fa11bb97bf06cd45cbd554354b46bf93e22c025b"
  integrity sha512-siPuUwO45PnNRMeZnSa8n/Lye5ZX93IJom9wQRB5DEOdFrw0JjOMu1GINB8jAEdwa7Vdyn1oJ2xGNaQpdQQ9Pw==

"@next/swc-linux-arm64-gnu@13.5.4":
  version "13.5.4"
  resolved "https://registry.yarnpkg.com/@next/swc-linux-arm64-gnu/-/swc-linux-arm64-gnu-13.5.4.tgz#dd3a482cd6871ed23b049066a0f3c4c2f955dc88"
  integrity sha512-l/k/fvRP/zmB2jkFMfefmFkyZbDkYW0mRM/LB+tH5u9pB98WsHXC0WvDHlGCYp3CH/jlkJPL7gN8nkTQVrQ/2w==

"@next/swc-linux-arm64-musl@13.5.4":
  version "13.5.4"
  resolved "https://registry.yarnpkg.com/@next/swc-linux-arm64-musl/-/swc-linux-arm64-musl-13.5.4.tgz#ed6d7abaf5712cff2752ce5300d6bacc6aff1b18"
  integrity sha512-YYGb7SlLkI+XqfQa8VPErljb7k9nUnhhRrVaOdfJNCaQnHBcvbT7cx/UjDQLdleJcfyg1Hkn5YSSIeVfjgmkTg==

"@next/swc-linux-x64-gnu@13.5.4":
  version "13.5.4"
  resolved "https://registry.yarnpkg.com/@next/swc-linux-x64-gnu/-/swc-linux-x64-gnu-13.5.4.tgz#977a040388e8a685a3a85e0dbdff90a4ee2a7189"
  integrity sha512-uE61vyUSClnCH18YHjA8tE1prr/PBFlBFhxBZis4XBRJoR+txAky5d7gGNUIbQ8sZZ7LVkSVgm/5Fc7mwXmRAg==

"@next/swc-linux-x64-musl@13.5.4":
  version "13.5.4"
  resolved "https://registry.yarnpkg.com/@next/swc-linux-x64-musl/-/swc-linux-x64-musl-13.5.4.tgz#3e29a0ad8efc016196c3a120da04397eea328b2a"
  integrity sha512-qVEKFYML/GvJSy9CfYqAdUexA6M5AklYcQCW+8JECmkQHGoPxCf04iMh7CPR7wkHyWWK+XLt4Ja7hhsPJtSnhg==

"@next/swc-win32-arm64-msvc@13.5.4":
  version "13.5.4"
  resolved "https://registry.yarnpkg.com/@next/swc-win32-arm64-msvc/-/swc-win32-arm64-msvc-13.5.4.tgz#18a236c3fe5a48d24b56d939e6a05488bb682b7e"
  integrity sha512-mDSQfqxAlfpeZOLPxLymZkX0hYF3juN57W6vFHTvwKlnHfmh12Pt7hPIRLYIShk8uYRsKPtMTth/EzpwRI+u8w==

"@next/swc-win32-ia32-msvc@13.5.4":
  version "13.5.4"
  resolved "https://registry.yarnpkg.com/@next/swc-win32-ia32-msvc/-/swc-win32-ia32-msvc-13.5.4.tgz#255132243ab6fb20d3c7c92a585e2c4fa50368fe"
  integrity sha512-aoqAT2XIekIWoriwzOmGFAvTtVY5O7JjV21giozBTP5c6uZhpvTWRbmHXbmsjZqY4HnEZQRXWkSAppsIBweKqw==

"@next/swc-win32-x64-msvc@13.5.4":
  version "13.5.4"
  resolved "https://registry.yarnpkg.com/@next/swc-win32-x64-msvc/-/swc-win32-x64-msvc-13.5.4.tgz#cc542907b55247c5634d9a8298e1c143a1847e25"
  integrity sha512-cyRvlAxwlddlqeB9xtPSfNSCRy8BOa4wtMo0IuI9P7Y0XT2qpDrpFKRyZ7kUngZis59mPVla5k8X1oOJ8RxDYg==

"@rc-component/color-picker@~1.4.1":
  version "1.4.1"
  resolved "https://registry.yarnpkg.com/@rc-component/color-picker/-/color-picker-1.4.1.tgz#dcab0b660e9c4ed63a7582db68ed4a77c862cb93"
  integrity sha512-vh5EWqnsayZa/JwUznqDaPJz39jznx/YDbyBuVJntv735tKXKwEUZZb2jYEldOg+NKWZwtALjGMrNeGBmqFoEw==
  dependencies:
    "@babel/runtime" "^7.10.1"
    "@ctrl/tinycolor" "^3.6.0"
    classnames "^2.2.6"
    rc-util "^5.30.0"

"@rc-component/context@^1.4.0":
  version "1.4.0"
  resolved "https://registry.yarnpkg.com/@rc-component/context/-/context-1.4.0.tgz#dc6fb021d6773546af8f016ae4ce9aea088395e8"
  integrity sha512-kFcNxg9oLRMoL3qki0OMxK+7g5mypjgaaJp/pkOis/6rVxma9nJBF/8kCIuTYHUQNr0ii7MxqE33wirPZLJQ2w==
  dependencies:
    "@babel/runtime" "^7.10.1"
    rc-util "^5.27.0"

"@rc-component/mini-decimal@^1.0.1":
  version "1.1.0"
  resolved "https://registry.yarnpkg.com/@rc-component/mini-decimal/-/mini-decimal-1.1.0.tgz#7b7a362b14a0a54cb5bc6fd2b82731f29f11d9b0"
  integrity sha512-jS4E7T9Li2GuYwI6PyiVXmxTiM6b07rlD9Ge8uGZSCz3WlzcG5ZK7g5bbuKNeZ9pgUuPK/5guV781ujdVpm4HQ==
  dependencies:
    "@babel/runtime" "^7.18.0"

"@rc-component/mutate-observer@^1.1.0":
  version "1.1.0"
  resolved "https://registry.yarnpkg.com/@rc-component/mutate-observer/-/mutate-observer-1.1.0.tgz#ee53cc88b78aade3cd0653609215a44779386fd8"
  integrity sha512-QjrOsDXQusNwGZPf4/qRQasg7UFEj06XiCJ8iuiq/Io7CrHrgVi6Uuetw60WAMG1799v+aM8kyc+1L/GBbHSlw==
  dependencies:
    "@babel/runtime" "^7.18.0"
    classnames "^2.3.2"
    rc-util "^5.24.4"

"@rc-component/portal@^1.0.0-8", "@rc-component/portal@^1.0.0-9", "@rc-component/portal@^1.0.2", "@rc-component/portal@^1.1.0", "@rc-component/portal@^1.1.1":
  version "1.1.2"
  resolved "https://registry.yarnpkg.com/@rc-component/portal/-/portal-1.1.2.tgz#55db1e51d784e034442e9700536faaa6ab63fc71"
  integrity sha512-6f813C0IsasTZms08kfA8kPAGxbbkYToa8ALaiDIGGECU4i9hj8Plgbx0sNJDrey3EtHO30hmdaxtT0138xZcg==
  dependencies:
    "@babel/runtime" "^7.18.0"
    classnames "^2.3.2"
    rc-util "^5.24.4"

"@rc-component/tour@~1.10.0":
  version "1.10.0"
  resolved "https://registry.yarnpkg.com/@rc-component/tour/-/tour-1.10.0.tgz#b05bc327438f1c583439e2d2dcc10ec0530aea19"
  integrity sha512-voV0BKaTJbewB9LLgAHQ7tAGG7rgDkKQkZo82xw2gIk542hY+o7zwoqdN16oHhIKk7eG/xi+mdXrONT62Dt57A==
  dependencies:
    "@babel/runtime" "^7.18.0"
    "@rc-component/portal" "^1.0.0-9"
    "@rc-component/trigger" "^1.3.6"
    classnames "^2.3.2"
    rc-util "^5.24.4"

"@rc-component/trigger@^1.0.4", "@rc-component/trigger@^1.16.0", "@rc-component/trigger@^1.17.0", "@rc-component/trigger@^1.3.6", "@rc-component/trigger@^1.5.0", "@rc-component/trigger@^1.7.0":
  version "1.17.0"
  resolved "https://registry.yarnpkg.com/@rc-component/trigger/-/trigger-1.17.0.tgz#4d9522ae3ceb482dc4c35cbb1f84021bd94d7414"
  integrity sha512-KN+lKHCi7L4kjuA9DU2PnwZxtIyes6R1wsexp0/Rnjr/ITELsPuC9kpzDK1+7AZMarDXUAHUdDGS2zUNEx2P0g==
  dependencies:
    "@babel/runtime" "^7.18.3"
    "@rc-component/portal" "^1.1.0"
    classnames "^2.3.2"
    rc-align "^4.0.0"
    rc-motion "^2.0.0"
    rc-resize-observer "^1.3.1"
    rc-util "^5.33.0"

"@swc/helpers@0.5.2":
  version "0.5.2"
  resolved "https://registry.yarnpkg.com/@swc/helpers/-/helpers-0.5.2.tgz#85ea0c76450b61ad7d10a37050289eded783c27d"
  integrity sha512-E4KcWTpoLHqwPHLxidpOqQbcrZVgi0rsmmZXUle1jXmJfuIf/UWpczUJ7MZZ5tlxytgJXyp0w4PGkkeLiuIdZw==
  dependencies:
    tslib "^2.4.0"

"@types/node@^20":
  version "20.8.4"
  resolved "https://registry.yarnpkg.com/@types/node/-/node-20.8.4.tgz#0e9ebb2ff29d5c3302fc84477d066fa7c6b441aa"
  integrity sha512-ZVPnqU58giiCjSxjVUESDtdPk4QR5WQhhINbc9UBrKLU68MX5BF6kbQzTrkwbolyr0X8ChBpXfavr5mZFKZQ5A==
  dependencies:
    undici-types "~5.25.1"

"@types/prop-types@*":
  version "15.7.8"
  resolved "https://registry.yarnpkg.com/@types/prop-types/-/prop-types-15.7.8.tgz#805eae6e8f41bd19e88917d2ea200dc992f405d3"
  integrity sha512-kMpQpfZKSCBqltAJwskgePRaYRFukDkm1oItcAbC3gNELR20XIBcN9VRgg4+m8DKsTfkWeA4m4Imp4DDuWy7FQ==

"@types/react-dom@^18":
  version "18.2.12"
  resolved "https://registry.yarnpkg.com/@types/react-dom/-/react-dom-18.2.12.tgz#58479c463d1e0b7f1ee7cd80e09186189f9ec32d"
  integrity sha512-QWZuiA/7J/hPIGocXreCRbx7wyoeet9ooxfbSA+zbIWqyQEE7GMtRn4A37BdYyksnN+/NDnWgfxZH9UVGDw1hg==
  dependencies:
    "@types/react" "*"

"@types/react@*", "@types/react@^18":
  version "18.2.27"
  resolved "https://registry.yarnpkg.com/@types/react/-/react-18.2.27.tgz#746e52b06f3ccd5d7a724fd53769b70792601440"
  integrity sha512-Wfv7B7FZiR2r3MIqbAlXoY1+tXm4bOqfz4oRr+nyXdBqapDBZ0l/IGcSlAfvxIHEEJjkPU0MYAc/BlFPOcrgLw==
  dependencies:
    "@types/prop-types" "*"
    "@types/scheduler" "*"
    csstype "^3.0.2"

"@types/scheduler@*":
  version "0.16.4"
  resolved "https://registry.yarnpkg.com/@types/scheduler/-/scheduler-0.16.4.tgz#fedc3e5b15c26dc18faae96bf1317487cb3658cf"
  integrity sha512-2L9ifAGl7wmXwP4v3pN4p2FLhD0O1qsJpvKmNin5VA8+UvNVb447UDaAEV6UdrkA+m/Xs58U1RFps44x6TFsVQ==

antd@^5.9.4:
  version "5.9.4"
  resolved "https://registry.yarnpkg.com/antd/-/antd-5.9.4.tgz#296b5a3fa0a9b83f11f5f7528a225823b79fd21b"
  integrity sha512-eyNn1C/Q9ESn4ktfTlRIIXBbWT5L/Rr38xP37dIvJ3FeD/a4vaVcMqqLz5ywwMPKxgWnuUxggo1mJwWdPoIdSg==
  dependencies:
    "@ant-design/colors" "^7.0.0"
    "@ant-design/cssinjs" "^1.16.0"
    "@ant-design/icons" "^5.2.2"
    "@ant-design/react-slick" "~1.0.0"
    "@babel/runtime" "^7.18.3"
    "@ctrl/tinycolor" "^3.6.0"
    "@rc-component/color-picker" "~1.4.1"
    "@rc-component/mutate-observer" "^1.1.0"
    "@rc-component/tour" "~1.10.0"
    "@rc-component/trigger" "^1.16.0"
    classnames "^2.2.6"
    copy-to-clipboard "^3.2.0"
    dayjs "^1.11.1"
    qrcode.react "^3.1.0"
    rc-cascader "~3.17.0"
    rc-checkbox "~3.1.0"
    rc-collapse "~3.7.1"
    rc-dialog "~9.2.0"
    rc-drawer "~6.4.1"
    rc-dropdown "~4.1.0"
    rc-field-form "~1.38.1"
    rc-image "~7.2.0"
    rc-input "~1.2.1"
    rc-input-number "~8.1.0"
    rc-mentions "~2.8.0"
    rc-menu "~9.12.0"
    rc-motion "^2.9.0"
    rc-notification "~5.1.1"
    rc-pagination "~3.6.1"
    rc-picker "~3.14.1"
    rc-progress "~3.5.1"
    rc-rate "~2.12.0"
    rc-resize-observer "^1.3.1"
    rc-segmented "~2.2.2"
    rc-select "~14.9.0"
    rc-slider "~10.2.1"
    rc-steps "~6.0.1"
    rc-switch "~4.1.0"
    rc-table "~7.34.4"
    rc-tabs "~12.12.1"
    rc-textarea "~1.4.0"
    rc-tooltip "~6.0.1"
    rc-tree "~5.7.12"
    rc-tree-select "~5.13.0"
    rc-upload "~4.3.4"
    rc-util "^5.37.0"
    scroll-into-view-if-needed "^3.0.3"
    throttle-debounce "^5.0.0"

array-tree-filter@^2.1.0:
  version "2.1.0"
  resolved "https://registry.yarnpkg.com/array-tree-filter/-/array-tree-filter-2.1.0.tgz#873ac00fec83749f255ac8dd083814b4f6329190"
  integrity sha512-4ROwICNlNw/Hqa9v+rk5h22KjmzB1JGTMVKP2AKJBOCgb0yL0ASf0+YvCcLNNwquOHNX48jkeZIJ3a+oOQqKcw==

async-validator@^4.1.0:
  version "4.2.5"
  resolved "https://registry.yarnpkg.com/async-validator/-/async-validator-4.2.5.tgz#c96ea3332a521699d0afaaceed510a54656c6339"
  integrity sha512-7HhHjtERjqlNbZtqNqy2rckN/SpOOlmDliet+lP7k+eKZEjPk3DgyeU9lIXLdeLz0uBbbVp+9Qdow9wJWgwwfg==

busboy@1.6.0:
  version "1.6.0"
  resolved "https://registry.yarnpkg.com/busboy/-/busboy-1.6.0.tgz#966ea36a9502e43cdb9146962523b92f531f6893"
  integrity sha512-8SFQbg/0hQ9xy3UNTB0YEnsNBbWfhf7RtnzpL7TkBiTBRfrQ9Fxcnz7VJsleJpyp6rVLvXiuORqjlHi5q+PYuA==
  dependencies:
    streamsearch "^1.1.0"

caniuse-lite@^1.0.30001406:
  version "1.0.30001547"
  resolved "https://registry.yarnpkg.com/caniuse-lite/-/caniuse-lite-1.0.30001547.tgz#d4f92efc488aab3c7f92c738d3977c2a3180472b"
  integrity sha512-W7CrtIModMAxobGhz8iXmDfuJiiKg1WADMO/9x7/CLNin5cpSbuBjooyoIUVB5eyCc36QuTVlkVa1iB2S5+/eA==

classnames@2.x, classnames@^2.2.1, classnames@^2.2.3, classnames@^2.2.5, classnames@^2.2.6, classnames@^2.3.1, classnames@^2.3.2:
  version "2.3.2"
  resolved "https://registry.yarnpkg.com/classnames/-/classnames-2.3.2.tgz#351d813bf0137fcc6a76a16b88208d2560a0d924"
  integrity sha512-CSbhY4cFEJRe6/GQzIk5qXZ4Jeg5pcsP7b5peFSDpffpe1cqjASH/n9UTjBwOp6XpMSTwQ8Za2K5V02ueA7Tmw==

client-only@0.0.1:
  version "0.0.1"
  resolved "https://registry.yarnpkg.com/client-only/-/client-only-0.0.1.tgz#38bba5d403c41ab150bff64a95c85013cf73bca1"
  integrity sha512-IV3Ou0jSMzZrd3pZ48nLkT9DA7Ag1pnPzaiQhpW7c3RbcqqzvzzVu+L8gfqMp/8IM2MQtSiqaCxrrcfu8I8rMA==

compute-scroll-into-view@^3.0.2:
  version "3.1.0"
  resolved "https://registry.yarnpkg.com/compute-scroll-into-view/-/compute-scroll-into-view-3.1.0.tgz#753f11d972596558d8fe7c6bcbc8497690ab4c87"
  integrity sha512-rj8l8pD4bJ1nx+dAkMhV1xB5RuZEyVysfxJqB1pRchh1KVvwOv9b7CGB8ZfjTImVv2oF+sYMUkMZq6Na5Ftmbg==

copy-to-clipboard@^3.2.0:
  version "3.3.3"
  resolved "https://registry.yarnpkg.com/copy-to-clipboard/-/copy-to-clipboard-3.3.3.tgz#55ac43a1db8ae639a4bd99511c148cdd1b83a1b0"
  integrity sha512-2KV8NhB5JqC3ky0r9PMCAZKbUHSwtEo4CwCs0KXgruG43gX5PMqDEBbVU4OUzw2MuAWUfsuFmWvEKG5QRfSnJA==
  dependencies:
    toggle-selection "^1.0.6"

csstype@^3.0.10, csstype@^3.0.2:
  version "3.1.2"
  resolved "https://registry.yarnpkg.com/csstype/-/csstype-3.1.2.tgz#1d4bf9d572f11c14031f0436e1c10bc1f571f50b"
  integrity sha512-I7K1Uu0MBPzaFKg4nI5Q7Vs2t+3gWWW648spaF+Rg7pI9ds18Ugn+lvg4SHczUdKlHI5LWBXyqfS8+DufyBsgQ==

dayjs@^1.11.1:
  version "1.11.10"
  resolved "https://registry.yarnpkg.com/dayjs/-/dayjs-1.11.10.tgz#68acea85317a6e164457d6d6947564029a6a16a0"
  integrity sha512-vjAczensTgRcqDERK0SR2XMwsF/tSvnvlv6VcF2GIhg6Sx4yOIt/irsr1RDJsKiIyBzJDpCoXiWWq28MqH2cnQ==

dom-align@^1.7.0:
  version "1.12.4"
  resolved "https://registry.yarnpkg.com/dom-align/-/dom-align-1.12.4.tgz#3503992eb2a7cfcb2ed3b2a6d21e0b9c00d54511"
  integrity sha512-R8LUSEay/68zE5c8/3BDxiTEvgb4xZTF0RKmAHfiEVN3klfIpXfi2/QCoiWPccVQ0J/ZGdz9OjzL4uJEP/MRAw==

glob-to-regexp@^0.4.1:
  version "0.4.1"
  resolved "https://registry.yarnpkg.com/glob-to-regexp/-/glob-to-regexp-0.4.1.tgz#c75297087c851b9a578bd217dd59a92f59fe546e"
  integrity sha512-lkX1HJXwyMcprw/5YUZc2s7DrpAiHB21/V+E1rHUrVNokkvB6bqMzT0VfV6/86ZNabt1k14YOIaT7nDvOX3Iiw==

graceful-fs@^4.1.2:
  version "4.2.11"
  resolved "https://registry.yarnpkg.com/graceful-fs/-/graceful-fs-4.2.11.tgz#4183e4e8bf08bb6e05bbb2f7d2e0c8f712ca40e3"
  integrity sha512-RbJ5/jmFcNNCcDV5o9eTnBLJ/HszWV0P73bc+Ff4nS/rJj+YaS6IGyiOL0VoBYX+l1Wrl3k63h/KrH+nhJ0XvQ==

"js-tokens@^3.0.0 || ^4.0.0":
  version "4.0.0"
  resolved "https://registry.yarnpkg.com/js-tokens/-/js-tokens-4.0.0.tgz#19203fb59991df98e3a287050d4647cdeaf32499"
  integrity sha512-RdJUflcE3cUzKiMqQgsCu06FPu9UdIJO0beYbPhHN4k6apgJtifcoCtT9bcxOpYBtpD2kCM6Sbzg4CausW/PKQ==

json2mq@^0.2.0:
  version "0.2.0"
  resolved "https://registry.yarnpkg.com/json2mq/-/json2mq-0.2.0.tgz#b637bd3ba9eabe122c83e9720483aeb10d2c904a"
  integrity sha512-SzoRg7ux5DWTII9J2qkrZrqV1gt+rTaoufMxEzXbS26Uid0NwaJd123HcoB80TgubEppxxIGdNxCx50fEoEWQA==
  dependencies:
    string-convert "^0.2.0"

loose-envify@^1.1.0:
  version "1.4.0"
  resolved "https://registry.yarnpkg.com/loose-envify/-/loose-envify-1.4.0.tgz#71ee51fa7be4caec1a63839f7e682d8132d30caf"
  integrity sha512-lyuxPGr/Wfhrlem2CL/UcnUc1zcqKAImBDzukY7Y5F/yQiNdko6+fRLevlw1HgMySw7f611UIY408EtxRSoK3Q==
  dependencies:
    js-tokens "^3.0.0 || ^4.0.0"

nanoid@^3.3.6:
  version "3.3.6"
  resolved "https://registry.yarnpkg.com/nanoid/-/nanoid-3.3.6.tgz#443380c856d6e9f9824267d960b4236ad583ea4c"
  integrity sha512-BGcqMMJuToF7i1rt+2PWSNVnWIkGCU78jBG3RxO/bZlnZPK2Cmi2QaffxGO/2RvWi9sL+FAiRiXMgsyxQ1DIDA==

next@13.5.4:
  version "13.5.4"
  resolved "https://registry.yarnpkg.com/next/-/next-13.5.4.tgz#7e6a93c9c2b9a2c78bf6906a6c5cc73ae02d5b4d"
  integrity sha512-+93un5S779gho8y9ASQhb/bTkQF17FNQOtXLKAj3lsNgltEcF0C5PMLLncDmH+8X1EnJH1kbqAERa29nRXqhjA==
  dependencies:
    "@next/env" "13.5.4"
    "@swc/helpers" "0.5.2"
    busboy "1.6.0"
    caniuse-lite "^1.0.30001406"
    postcss "8.4.31"
    styled-jsx "5.1.1"
    watchpack "2.4.0"
  optionalDependencies:
    "@next/swc-darwin-arm64" "13.5.4"
    "@next/swc-darwin-x64" "13.5.4"
    "@next/swc-linux-arm64-gnu" "13.5.4"
    "@next/swc-linux-arm64-musl" "13.5.4"
    "@next/swc-linux-x64-gnu" "13.5.4"
    "@next/swc-linux-x64-musl" "13.5.4"
    "@next/swc-win32-arm64-msvc" "13.5.4"
    "@next/swc-win32-ia32-msvc" "13.5.4"
    "@next/swc-win32-x64-msvc" "13.5.4"

picocolors@^1.0.0:
  version "1.0.0"
  resolved "https://registry.yarnpkg.com/picocolors/-/picocolors-1.0.0.tgz#cb5bdc74ff3f51892236eaf79d68bc44564ab81c"
  integrity sha512-1fygroTLlHu66zi26VoTDv8yRgm0Fccecssto+MhsZ0D/DGW2sm8E8AjW7NU5VVTRt5GxbeZ5qBuJr+HyLYkjQ==

postcss@8.4.31:
  version "8.4.31"
  resolved "https://registry.yarnpkg.com/postcss/-/postcss-8.4.31.tgz#92b451050a9f914da6755af352bdc0192508656d"
  integrity sha512-PS08Iboia9mts/2ygV3eLpY5ghnUcfLV/EXTOW1E2qYxJKGGBUtNjN76FYHnMs36RmARn41bC0AZmn+rR0OVpQ==
  dependencies:
    nanoid "^3.3.6"
    picocolors "^1.0.0"
    source-map-js "^1.0.2"

qrcode.react@^3.1.0:
  version "3.1.0"
  resolved "https://registry.yarnpkg.com/qrcode.react/-/qrcode.react-3.1.0.tgz#5c91ddc0340f768316fbdb8fff2765134c2aecd8"
  integrity sha512-oyF+Urr3oAMUG/OiOuONL3HXM+53wvuH3mtIWQrYmsXoAq0DkvZp2RYUWFSMFtbdOpuS++9v+WAkzNVkMlNW6Q==

rc-align@^4.0.0:
  version "4.0.15"
  resolved "https://registry.yarnpkg.com/rc-align/-/rc-align-4.0.15.tgz#2bbd665cf85dfd0b0244c5a752b07565e9098577"
  integrity sha512-wqJtVH60pka/nOX7/IspElA8gjPNQKIx/ZqJ6heATCkXpe1Zg4cPVrMD2vC96wjsFFL8WsmhPbx9tdMo1qqlIA==
  dependencies:
    "@babel/runtime" "^7.10.1"
    classnames "2.x"
    dom-align "^1.7.0"
    rc-util "^5.26.0"
    resize-observer-polyfill "^1.5.1"

rc-cascader@~3.17.0:
  version "3.17.0"
  resolved "https://registry.yarnpkg.com/rc-cascader/-/rc-cascader-3.17.0.tgz#92804dd64b9d03c9159926910b4c18ae5b7d456b"
  integrity sha512-8O5Eq/NteRuBaaUIb+ZsTEkNKM3BwWKizsFlSpukCVa2ELqrdMyslbe/OdxtuFlyJIqGyWF5rS2Q+fd0Rpvmgw==
  dependencies:
    "@babel/runtime" "^7.12.5"
    array-tree-filter "^2.1.0"
    classnames "^2.3.1"
    rc-select "~14.9.0"
    rc-tree "~5.7.0"
    rc-util "^5.35.0"

rc-checkbox@~3.1.0:
  version "3.1.0"
  resolved "https://registry.yarnpkg.com/rc-checkbox/-/rc-checkbox-3.1.0.tgz#6be0d9d8de2cc96fb5e37f9036a1c3e360d0a42d"
  integrity sha512-PAwpJFnBa3Ei+5pyqMMXdcKYKNBMS+TvSDiLdDnARnMJHC8ESxwPfm4Ao1gJiKtWLdmGfigascnCpwrHFgoOBQ==
  dependencies:
    "@babel/runtime" "^7.10.1"
    classnames "^2.3.2"
    rc-util "^5.25.2"

rc-collapse@~3.7.1:
  version "3.7.1"
  resolved "https://registry.yarnpkg.com/rc-collapse/-/rc-collapse-3.7.1.tgz#bda1f7f80adccf3433c1c15d4d9f9ca09910c727"
  integrity sha512-N/7ejyiTf3XElNJBBpxqnZBUuMsQWEOPjB2QkfNvZ/Ca54eAvJXuOD1EGbCWCk2m7v/MSxku7mRpdeaLOCd4Gg==
  dependencies:
    "@babel/runtime" "^7.10.1"
    classnames "2.x"
    rc-motion "^2.3.4"
    rc-util "^5.27.0"

rc-dialog@~9.2.0:
  version "9.2.0"
  resolved "https://registry.yarnpkg.com/rc-dialog/-/rc-dialog-9.2.0.tgz#94236a410a3698f2aefcb34e49cec8f7064c7235"
  integrity sha512-dL2tklMou/QfK77+0CTH3FTnKCvIiYv9Df7PfFfg8YVXhYAGmuIkV4ooQYHAIR4juL3Ywcm5oQflF2vDDuGlUg==
  dependencies:
    "@babel/runtime" "^7.10.1"
    "@rc-component/portal" "^1.0.0-8"
    classnames "^2.2.6"
    rc-motion "^2.3.0"
    rc-util "^5.21.0"

rc-drawer@~6.4.1:
  version "6.4.1"
  resolved "https://registry.yarnpkg.com/rc-drawer/-/rc-drawer-6.4.1.tgz#823b0072c1b50136ea9d35b37dd21cffcbdaf96d"
  integrity sha512-QIbNMjiZy322o9uEpJHsSZ5rS/zuxqam3lYVPDzjztoqsoDzTNNxWN77QVpOfQ0UC9/87+qu25zocJ+O9bK2Tg==
  dependencies:
    "@babel/runtime" "^7.10.1"
    "@rc-component/portal" "^1.1.1"
    classnames "^2.2.6"
    rc-motion "^2.6.1"
    rc-util "^5.36.0"

rc-dropdown@~4.1.0:
  version "4.1.0"
  resolved "https://registry.yarnpkg.com/rc-dropdown/-/rc-dropdown-4.1.0.tgz#418a68939631520de80d0865d02b440eeeb4168e"
  integrity sha512-VZjMunpBdlVzYpEdJSaV7WM7O0jf8uyDjirxXLZRNZ+tAC+NzD3PXPEtliFwGzVwBBdCmGuSqiS9DWcOLxQ9tw==
  dependencies:
    "@babel/runtime" "^7.18.3"
    "@rc-component/trigger" "^1.7.0"
    classnames "^2.2.6"
    rc-util "^5.17.0"

rc-field-form@~1.38.1:
  version "1.38.2"
  resolved "https://registry.yarnpkg.com/rc-field-form/-/rc-field-form-1.38.2.tgz#1eafac98eb84d47dc3b55de98ed50751d9852dd2"
  integrity sha512-O83Oi1qPyEv31Sg+Jwvsj6pXc8uQI2BtIAkURr5lvEYHVggXJhdU/nynK8wY1gbw0qR48k731sN5ON4egRCROA==
  dependencies:
    "@babel/runtime" "^7.18.0"
    async-validator "^4.1.0"
    rc-util "^5.32.2"

rc-image@~7.2.0:
  version "7.2.0"
  resolved "https://registry.yarnpkg.com/rc-image/-/rc-image-7.2.0.tgz#81feabf9b381b0f10f362f1e35d66f7ddb400ab2"
  integrity sha512-5Ug2hCVl6VcT0osR5XaZQ4zclTMEWPnbn3b4/TS/MR1QjRpEACLNFUzBGwr5mbAVhzvLWX5YZf4vO10xUA5IUA==
  dependencies:
    "@babel/runtime" "^7.11.2"
    "@rc-component/portal" "^1.0.2"
    classnames "^2.2.6"
    rc-dialog "~9.2.0"
    rc-motion "^2.6.2"
    rc-util "^5.34.1"

rc-input-number@~8.1.0:
  version "8.1.0"
  resolved "https://registry.yarnpkg.com/rc-input-number/-/rc-input-number-8.1.0.tgz#c6f304b80d0caa8da948f39a41bf04793bbfd0c1"
  integrity sha512-bdHgduOxuN0lrhzgPmoKbhRD4GLIzVcddVz972/JHPHr7oLwPX5xDb9w4bXhuMzyT2VzQy7nggRCfH3yAl09oA==
  dependencies:
    "@babel/runtime" "^7.10.1"
    "@rc-component/mini-decimal" "^1.0.1"
    classnames "^2.2.5"
    rc-input "~1.2.1"
    rc-util "^5.28.0"

rc-input@~1.2.1:
  version "1.2.1"
  resolved "https://registry.yarnpkg.com/rc-input/-/rc-input-1.2.1.tgz#446843225348d99c78a0967299cb74e385ce8fb0"
  integrity sha512-nQRmBvEFoGi+SNRDavccZ8ueyhFgmxkWqIt4aDyuNJgUZF12HJKIwDhAafUM7N+g7PyuW9FH3pf3zPHzdiCWbA==
  dependencies:
    "@babel/runtime" "^7.11.1"
    classnames "^2.2.1"
    rc-util "^5.18.1"

rc-mentions@~2.8.0:
  version "2.8.0"
  resolved "https://registry.yarnpkg.com/rc-mentions/-/rc-mentions-2.8.0.tgz#e96cdf331e7bf1a8944ee4c6801b13f33d9b70c8"
  integrity sha512-LBMkO6bSGhEvS1CvMK978qGN82tI+mzk7l/uTiQJH+UDiwpvq+pxK4DxU5b6Q1T5LW6bn2pSua9RaZKZrDoBOw==
  dependencies:
    "@babel/runtime" "^7.22.5"
    "@rc-component/trigger" "^1.5.0"
    classnames "^2.2.6"
    rc-input "~1.2.1"
    rc-menu "~9.12.0"
    rc-textarea "~1.4.0"
    rc-util "^5.34.1"

rc-menu@~9.12.0:
  version "9.12.2"
  resolved "https://registry.yarnpkg.com/rc-menu/-/rc-menu-9.12.2.tgz#1bab34646421224eff5c5b7de993f8ea1238418e"
  integrity sha512-NzloFH2pRUYmQ3S/YbJAvRkgCZaLvq0sRa5rgJtuIHLfPPprNHNyepeSlT64+dbVqI4qRWL44VN0lUCldCbbfg==
  dependencies:
    "@babel/runtime" "^7.10.1"
    "@rc-component/trigger" "^1.17.0"
    classnames "2.x"
    rc-motion "^2.4.3"
    rc-overflow "^1.3.1"
    rc-util "^5.27.0"

rc-motion@^2.0.0, rc-motion@^2.0.1, rc-motion@^2.3.0, rc-motion@^2.3.4, rc-motion@^2.4.3, rc-motion@^2.4.4, rc-motion@^2.6.0, rc-motion@^2.6.1, rc-motion@^2.6.2, rc-motion@^2.9.0:
  version "2.9.0"
  resolved "https://registry.yarnpkg.com/rc-motion/-/rc-motion-2.9.0.tgz#9e18a1b8d61e528a97369cf9a7601e9b29205710"
  integrity sha512-XIU2+xLkdIr1/h6ohPZXyPBMvOmuyFZQ/T0xnawz+Rh+gh4FINcnZmMT5UTIj6hgI0VLDjTaPeRd+smJeSPqiQ==
  dependencies:
    "@babel/runtime" "^7.11.1"
    classnames "^2.2.1"
    rc-util "^5.21.0"

rc-notification@~5.1.1:
  version "5.1.1"
  resolved "https://registry.yarnpkg.com/rc-notification/-/rc-notification-5.1.1.tgz#62b38890575a1726ed6c1dd0e10caf4ce45a9e69"
  integrity sha512-BPnded/WmWFE57ubqhVCgRSuedfQQNeSOYqdwppyr2B/Wt909gYFKyWAkFJVXuppAjsOGop05a93UaxjmUFdkg==
  dependencies:
    "@babel/runtime" "^7.10.1"
    classnames "2.x"
    rc-motion "^2.6.0"
    rc-util "^5.20.1"

rc-overflow@^1.3.1:
  version "1.3.2"
  resolved "https://registry.yarnpkg.com/rc-overflow/-/rc-overflow-1.3.2.tgz#72ee49e85a1308d8d4e3bd53285dc1f3e0bcce2c"
  integrity sha512-nsUm78jkYAoPygDAcGZeC2VwIg/IBGSodtOY3pMof4W3M9qRJgqaDYm03ZayHlde3I6ipliAxbN0RUcGf5KOzw==
  dependencies:
    "@babel/runtime" "^7.11.1"
    classnames "^2.2.1"
    rc-resize-observer "^1.0.0"
    rc-util "^5.37.0"

rc-pagination@~3.6.1:
  version "3.6.1"
  resolved "https://registry.yarnpkg.com/rc-pagination/-/rc-pagination-3.6.1.tgz#2db6678a57cd2f4f29d6c0416e282543af52d0df"
  integrity sha512-R/sUnKKXx1Nm4kZfUKS3YKa7yEPF1ZkVB/AynQaHt+nMER7h9wPTfliDJFdYo+RM/nk2JD4Yc5QpUq8fIQHeug==
  dependencies:
    "@babel/runtime" "^7.10.1"
    classnames "^2.2.1"
    rc-util "^5.32.2"

rc-picker@~3.14.1:
  version "3.14.5"
  resolved "https://registry.yarnpkg.com/rc-picker/-/rc-picker-3.14.5.tgz#fa045a170b7908e3f6ea80dd39113fc84a0fac13"
  integrity sha512-h0O8b5AYfWwHSRUUH/9F2oBXB5gZerHIyGG6z2r5rn/kfSQodyCXEO4GNqrG30iUC1qkvLFIOn/JqI4XaO0+2A==
  dependencies:
    "@babel/runtime" "^7.10.1"
    "@rc-component/trigger" "^1.5.0"
    classnames "^2.2.1"
    rc-util "^5.30.0"

rc-progress@~3.5.1:
  version "3.5.1"
  resolved "https://registry.yarnpkg.com/rc-progress/-/rc-progress-3.5.1.tgz#a3cdfd2fe04eb5c3d43fa1c69e7dd70c73b102ae"
  integrity sha512-V6Amx6SbLRwPin/oD+k1vbPrO8+9Qf8zW1T8A7o83HdNafEVvAxPV5YsgtKFP+Ud5HghLj33zKOcEHrcrUGkfw==
  dependencies:
    "@babel/runtime" "^7.10.1"
    classnames "^2.2.6"
    rc-util "^5.16.1"

rc-rate@~2.12.0:
  version "2.12.0"
  resolved "https://registry.yarnpkg.com/rc-rate/-/rc-rate-2.12.0.tgz#0182deffed3b009cdcc61660da8746c39ed91ed5"
  integrity sha512-g092v5iZCdVzbjdn28FzvWebK2IutoVoiTeqoLTj9WM7SjA/gOJIw5/JFZMRyJYYVe1jLAU2UhAfstIpCNRozg==
  dependencies:
    "@babel/runtime" "^7.10.1"
    classnames "^2.2.5"
    rc-util "^5.0.1"

rc-resize-observer@^1.0.0, rc-resize-observer@^1.1.0, rc-resize-observer@^1.3.1:
  version "1.3.1"
  resolved "https://registry.yarnpkg.com/rc-resize-observer/-/rc-resize-observer-1.3.1.tgz#b61b9f27048001243617b81f95e53d7d7d7a6a3d"
  integrity sha512-iFUdt3NNhflbY3mwySv5CA1TC06zdJ+pfo0oc27xpf4PIOvfZwZGtD9Kz41wGYqC4SLio93RVAirSSpYlV/uYg==
  dependencies:
    "@babel/runtime" "^7.20.7"
    classnames "^2.2.1"
    rc-util "^5.27.0"
    resize-observer-polyfill "^1.5.1"

rc-segmented@~2.2.2:
  version "2.2.2"
  resolved "https://registry.yarnpkg.com/rc-segmented/-/rc-segmented-2.2.2.tgz#a34f12ce6c0975fc3042ae7656bcd18e1744798e"
  integrity sha512-Mq52M96QdHMsNdE/042ibT5vkcGcD5jxKp7HgPC2SRofpia99P5fkfHy1pEaajLMF/kj0+2Lkq1UZRvqzo9mSA==
  dependencies:
    "@babel/runtime" "^7.11.1"
    classnames "^2.2.1"
    rc-motion "^2.4.4"
    rc-util "^5.17.0"

rc-select@~14.9.0:
  version "14.9.0"
  resolved "https://registry.yarnpkg.com/rc-select/-/rc-select-14.9.0.tgz#586a19bd55535b81096bb392dd06bb1e0631d06b"
  integrity sha512-vbIhK1MBA12MRdxXbiylSCTPKsWV8WmeN7OyATk9I0LsuIVwe/kBAUNH02am1ryjoylbK+AH309a6X1AflGRSw==
  dependencies:
    "@babel/runtime" "^7.10.1"
    "@rc-component/trigger" "^1.5.0"
    classnames "2.x"
    rc-motion "^2.0.1"
    rc-overflow "^1.3.1"
    rc-util "^5.16.1"
    rc-virtual-list "^3.5.2"

rc-slider@~10.2.1:
  version "10.2.1"
  resolved "https://registry.yarnpkg.com/rc-slider/-/rc-slider-10.2.1.tgz#9b571d19f740adcacdde271f44901a47717fd8da"
  integrity sha512-l355C/65iV4UFp7mXq5xBTNX2/tF2g74VWiTVlTpNp+6vjE/xaHHNiQq5Af+Uu28uUiqCuH/QXs5HfADL9KJ/A==
  dependencies:
    "@babel/runtime" "^7.10.1"
    classnames "^2.2.5"
    rc-util "^5.27.0"

rc-steps@~6.0.1:
  version "6.0.1"
  resolved "https://registry.yarnpkg.com/rc-steps/-/rc-steps-6.0.1.tgz#c2136cd0087733f6d509209a84a5c80dc29a274d"
  integrity sha512-lKHL+Sny0SeHkQKKDJlAjV5oZ8DwCdS2hFhAkIjuQt1/pB81M0cA0ErVFdHq9+jmPmFw1vJB2F5NBzFXLJxV+g==
  dependencies:
    "@babel/runtime" "^7.16.7"
    classnames "^2.2.3"
    rc-util "^5.16.1"

rc-switch@~4.1.0:
  version "4.1.0"
  resolved "https://registry.yarnpkg.com/rc-switch/-/rc-switch-4.1.0.tgz#f37d81b4e0c5afd1274fd85367b17306bf25e7d7"
  integrity sha512-TI8ufP2Az9oEbvyCeVE4+90PDSljGyuwix3fV58p7HV2o4wBnVToEyomJRVyTaZeqNPAp+vqeo4Wnj5u0ZZQBg==
  dependencies:
    "@babel/runtime" "^7.21.0"
    classnames "^2.2.1"
    rc-util "^5.30.0"

rc-table@~7.34.4:
  version "7.34.4"
  resolved "https://registry.yarnpkg.com/rc-table/-/rc-table-7.34.4.tgz#027a1052846fffb1ff38b2e0df95acb0ac508254"
  integrity sha512-os+i88Y2AO/6dNkOgJkKSHgXYaZZGnuOEEe+nyaq5IRgvAQNhLysUjXt2objtBeFDEZR8TqXrajwBNRUwunmdw==
  dependencies:
    "@babel/runtime" "^7.10.1"
    "@rc-component/context" "^1.4.0"
    classnames "^2.2.5"
    rc-resize-observer "^1.1.0"
    rc-util "^5.36.0"
    rc-virtual-list "^3.11.1"

rc-tabs@~12.12.1:
  version "12.12.1"
  resolved "https://registry.yarnpkg.com/rc-tabs/-/rc-tabs-12.12.1.tgz#8639297bfcbbf77ca05f71d73fc3d31bd05e04d8"
  integrity sha512-e10VBjEkECdPl4XZSs9to81SE+mgclBTM7J8/LMsFqmJoi05Tci91bRnmeeDtrcOCx2PuZdJv57XUlC4d8PEIw==
  dependencies:
    "@babel/runtime" "^7.11.2"
    classnames "2.x"
    rc-dropdown "~4.1.0"
    rc-menu "~9.12.0"
    rc-motion "^2.6.2"
    rc-resize-observer "^1.0.0"
    rc-util "^5.34.1"

rc-textarea@~1.4.0:
  version "1.4.0"
  resolved "https://registry.yarnpkg.com/rc-textarea/-/rc-textarea-1.4.0.tgz#5833676f81f71a842220a0311c48caab07643349"
  integrity sha512-CiqK+uyoJlnfufbC0kwfHJpfElhQacuDSNyNQ/xGnA/QMaJLDbgmqRT8QmX0T0KD/ws/hy6qqRaGJSsrRR5uiQ==
  dependencies:
    "@babel/runtime" "^7.10.1"
    classnames "^2.2.1"
    rc-input "~1.2.1"
    rc-resize-observer "^1.0.0"
    rc-util "^5.27.0"

rc-tooltip@~6.0.1:
  version "6.0.1"
  resolved "https://registry.yarnpkg.com/rc-tooltip/-/rc-tooltip-6.0.1.tgz#6a5e33bd6c3f6afe8851ea90e7af43e5c26b3cc6"
  integrity sha512-MdvPlsD1fDSxKp9+HjXrc/CxLmA/s11QYIh1R7aExxfodKP7CZA++DG1AjrW80F8IUdHYcR43HAm0Y2BYPelHA==
  dependencies:
    "@babel/runtime" "^7.11.2"
    "@rc-component/trigger" "^1.0.4"
    classnames "^2.3.1"

rc-tree-select@~5.13.0:
  version "5.13.0"
  resolved "https://registry.yarnpkg.com/rc-tree-select/-/rc-tree-select-5.13.0.tgz#ca332f08476c2fdf7fe2154a6320f8f686ef34c8"
  integrity sha512-g01JU9EdE7j/9KfDKtmvFqJ7ZDNIYDzkpmAXllbTBFoRNhWJBjW1x/dCZLVG+IdZeIz8SKJkgZzCf1CUZrzV/Q==
  dependencies:
    "@babel/runtime" "^7.10.1"
    classnames "2.x"
    rc-select "~14.9.0"
    rc-tree "~5.7.0"
    rc-util "^5.16.1"

rc-tree@~5.7.0, rc-tree@~5.7.12:
  version "5.7.12"
  resolved "https://registry.yarnpkg.com/rc-tree/-/rc-tree-5.7.12.tgz#6910e551390963708936c2cbf925f9deff4a6d76"
  integrity sha512-LXA5nY2hG5koIAlHW5sgXgLpOMz+bFRbnZZ+cCg0tQs4Wv1AmY7EDi1SK7iFXhslYockbqUerQan82jljoaItg==
  dependencies:
    "@babel/runtime" "^7.10.1"
    classnames "2.x"
    rc-motion "^2.0.1"
    rc-util "^5.16.1"
    rc-virtual-list "^3.5.1"

rc-upload@~4.3.4:
  version "4.3.5"
  resolved "https://registry.yarnpkg.com/rc-upload/-/rc-upload-4.3.5.tgz#12fc69b2af74d08646a104828831bcaf44076eda"
  integrity sha512-EHlKJbhkgFSQHliTj9v/2K5aEuFwfUQgZARzD7AmAPOneZEPiCNF3n6PEWIuqz9h7oq6FuXgdR67sC5BWFxJbA==
  dependencies:
    "@babel/runtime" "^7.18.3"
    classnames "^2.2.5"
    rc-util "^5.2.0"

rc-util@^5.0.1, rc-util@^5.16.1, rc-util@^5.17.0, rc-util@^5.18.1, rc-util@^5.2.0, rc-util@^5.20.1, rc-util@^5.21.0, rc-util@^5.24.4, rc-util@^5.25.2, rc-util@^5.26.0, rc-util@^5.27.0, rc-util@^5.28.0, rc-util@^5.30.0, rc-util@^5.31.1, rc-util@^5.32.2, rc-util@^5.33.0, rc-util@^5.34.1, rc-util@^5.35.0, rc-util@^5.36.0, rc-util@^5.37.0:
  version "5.37.0"
  resolved "https://registry.yarnpkg.com/rc-util/-/rc-util-5.37.0.tgz#6df9a55cb469b41b6995530a45b5f3dd3219a4ea"
  integrity sha512-cPMV8DzaHI1KDaS7XPRXAf4J7mtBqjvjikLpQieaeOO7+cEbqY2j7Kso/T0R0OiEZTNcLS/8Zl9YrlXiO9UbjQ==
  dependencies:
    "@babel/runtime" "^7.18.3"
    react-is "^16.12.0"

rc-virtual-list@^3.11.1, rc-virtual-list@^3.5.1, rc-virtual-list@^3.5.2:
  version "3.11.2"
  resolved "https://registry.yarnpkg.com/rc-virtual-list/-/rc-virtual-list-3.11.2.tgz#eb859c2257233aff10864f041e5bcc89f7814bb7"
  integrity sha512-MTFLL2LOHr3+/+r+WjTIs6j8XmJE6EqdOsJvCH8SWig7qyik3aljCEImUtw5tdWR0tQhXUfbv7P7nZaLY91XPg==
  dependencies:
    "@babel/runtime" "^7.20.0"
    classnames "^2.2.6"
    rc-resize-observer "^1.0.0"
    rc-util "^5.36.0"

react-dom@^18:
  version "18.2.0"
  resolved "https://registry.yarnpkg.com/react-dom/-/react-dom-18.2.0.tgz#22aaf38708db2674ed9ada224ca4aa708d821e3d"
  integrity sha512-6IMTriUmvsjHUjNtEDudZfuDQUoWXVxKHhlEGSk81n4YFS+r/Kl99wXiwlVXtPBtJenozv2P+hxDsw9eA7Xo6g==
  dependencies:
    loose-envify "^1.1.0"
    scheduler "^0.23.0"

react-is@^16.12.0:
  version "16.13.1"
  resolved "https://registry.yarnpkg.com/react-is/-/react-is-16.13.1.tgz#789729a4dc36de2999dc156dd6c1d9c18cea56a4"
  integrity sha512-24e6ynE2H+OKt4kqsOvNd8kBpV65zoxbA4BVsEOB3ARVWQki/DHzaUoC5KuON/BiccDaCCTZBuOcfZs70kR8bQ==

react@^18:
  version "18.2.0"
  resolved "https://registry.yarnpkg.com/react/-/react-18.2.0.tgz#555bd98592883255fa00de14f1151a917b5d77d5"
  integrity sha512-/3IjMdb2L9QbBdWiW5e3P2/npwMBaU9mHCSCUzNln0ZCYbcfTsGbTJrU/kGemdH2IWmB2ioZ+zkxtmq6g09fGQ==
  dependencies:
    loose-envify "^1.1.0"

regenerator-runtime@^0.14.0:
  version "0.14.0"
  resolved "https://registry.yarnpkg.com/regenerator-runtime/-/regenerator-runtime-0.14.0.tgz#5e19d68eb12d486f797e15a3c6a918f7cec5eb45"
  integrity sha512-srw17NI0TUWHuGa5CFGGmhfNIeja30WMBfbslPNhf6JrqQlLN5gcrvig1oqPxiVaXb0oW0XRKtH6Nngs5lKCIA==

resize-observer-polyfill@^1.5.1:
  version "1.5.1"
  resolved "https://registry.yarnpkg.com/resize-observer-polyfill/-/resize-observer-polyfill-1.5.1.tgz#0e9020dd3d21024458d4ebd27e23e40269810464"
  integrity sha512-LwZrotdHOo12nQuZlHEmtuXdqGoOD0OhaxopaNFxWzInpEgaLWoVuAMbTzixuosCx2nEG58ngzW3vxdWoxIgdg==

scheduler@^0.23.0:
  version "0.23.0"
  resolved "https://registry.yarnpkg.com/scheduler/-/scheduler-0.23.0.tgz#ba8041afc3d30eb206a487b6b384002e4e61fdfe"
  integrity sha512-CtuThmgHNg7zIZWAXi3AsyIzA3n4xx7aNyjwC2VJldO2LMVDhFK+63xGqq6CsJH4rTAt6/M+N4GhZiDYPx9eUw==
  dependencies:
    loose-envify "^1.1.0"

scroll-into-view-if-needed@^3.0.3:
  version "3.1.0"
  resolved "https://registry.yarnpkg.com/scroll-into-view-if-needed/-/scroll-into-view-if-needed-3.1.0.tgz#fa9524518c799b45a2ef6bbffb92bcad0296d01f"
  integrity sha512-49oNpRjWRvnU8NyGVmUaYG4jtTkNonFZI86MmGRDqBphEK2EXT9gdEUoQPZhuBM8yWHxCWbobltqYO5M4XrUvQ==
  dependencies:
    compute-scroll-into-view "^3.0.2"

source-map-js@^1.0.2:
  version "1.0.2"
  resolved "https://registry.yarnpkg.com/source-map-js/-/source-map-js-1.0.2.tgz#adbc361d9c62df380125e7f161f71c826f1e490c"
  integrity sha512-R0XvVJ9WusLiqTCEiGCmICCMplcCkIwwR11mOSD9CR5u+IXYdiseeEuXCVAjS54zqwkLcPNnmU4OeJ6tUrWhDw==

streamsearch@^1.1.0:
  version "1.1.0"
  resolved "https://registry.yarnpkg.com/streamsearch/-/streamsearch-1.1.0.tgz#404dd1e2247ca94af554e841a8ef0eaa238da764"
  integrity sha512-Mcc5wHehp9aXz1ax6bZUyY5afg9u2rv5cqQI3mRrYkGC8rW2hM02jWuwjtL++LS5qinSyhj2QfLyNsuc+VsExg==

string-convert@^0.2.0:
  version "0.2.1"
  resolved "https://registry.yarnpkg.com/string-convert/-/string-convert-0.2.1.tgz#6982cc3049fbb4cd85f8b24568b9d9bf39eeff97"
  integrity sha512-u/1tdPl4yQnPBjnVrmdLo9gtuLvELKsAoRapekWggdiQNvvvum+jYF329d84NAa660KQw7pB2n36KrIKVoXa3A==

styled-jsx@5.1.1:
  version "5.1.1"
  resolved "https://registry.yarnpkg.com/styled-jsx/-/styled-jsx-5.1.1.tgz#839a1c3aaacc4e735fed0781b8619ea5d0009d1f"
  integrity sha512-pW7uC1l4mBZ8ugbiZrcIsiIvVx1UmTfw7UkC3Um2tmfUq9Bhk8IiyEIPl6F8agHgjzku6j0xQEZbfA5uSgSaCw==
  dependencies:
    client-only "0.0.1"

stylis@^4.0.13:
  version "4.3.0"
  resolved "https://registry.yarnpkg.com/stylis/-/stylis-4.3.0.tgz#abe305a669fc3d8777e10eefcfc73ad861c5588c"
  integrity sha512-E87pIogpwUsUwXw7dNyU4QDjdgVMy52m+XEOPEKUn161cCzWjjhPSQhByfd1CcNvrOLnXQ6OnnZDwnJrz/Z4YQ==

throttle-debounce@^5.0.0:
  version "5.0.0"
  resolved "https://registry.yarnpkg.com/throttle-debounce/-/throttle-debounce-5.0.0.tgz#a17a4039e82a2ed38a5e7268e4132d6960d41933"
  integrity sha512-2iQTSgkkc1Zyk0MeVrt/3BvuOXYPl/R8Z0U2xxo9rjwNciaHDG3R+Lm6dh4EeUci49DanvBnuqI6jshoQQRGEg==

toggle-selection@^1.0.6:
  version "1.0.6"
  resolved "https://registry.yarnpkg.com/toggle-selection/-/toggle-selection-1.0.6.tgz#6e45b1263f2017fa0acc7d89d78b15b8bf77da32"
  integrity sha512-BiZS+C1OS8g/q2RRbJmy59xpyghNBqrr6k5L/uKBGRsTfxmu3ffiRnd8mlGPUVayg8pvfi5urfnu8TU7DVOkLQ==

tslib@^2.4.0:
  version "2.6.2"
  resolved "https://registry.yarnpkg.com/tslib/-/tslib-2.6.2.tgz#703ac29425e7b37cd6fd456e92404d46d1f3e4ae"
  integrity sha512-AEYxH93jGFPn/a2iVAwW87VuUIkR1FVUKB77NwMF7nBTDkDrrT/Hpt/IrCJ0QXhW27jTBDcf5ZY7w6RiqTMw2Q==

typescript@^5:
  version "5.2.2"
  resolved "https://registry.yarnpkg.com/typescript/-/typescript-5.2.2.tgz#5ebb5e5a5b75f085f22bc3f8460fba308310fa78"
  integrity sha512-mI4WrpHsbCIcwT9cF4FZvr80QUeKvsUsUvKDoR+X/7XHQH98xYD8YHZg7ANtz2GtZt/CBq2QJ0thkGJMHfqc1w==

undici-types@~5.25.1:
  version "5.25.3"
  resolved "https://registry.yarnpkg.com/undici-types/-/undici-types-5.25.3.tgz#e044115914c85f0bcbb229f346ab739f064998c3"
  integrity sha512-Ga1jfYwRn7+cP9v8auvEXN1rX3sWqlayd4HP7OKk4mZWylEmu3KzXDUGrQUN6Ol7qo1gPvB2e5gX6udnyEPgdA==

watchpack@2.4.0:
  version "2.4.0"
  resolved "https://registry.yarnpkg.com/watchpack/-/watchpack-2.4.0.tgz#fa33032374962c78113f93c7f2fb4c54c9862a5d"
  integrity sha512-Lcvm7MGST/4fup+ifyKi2hjyIAwcdI4HRgtvTpIUxBRhB+RFtUh8XtDOxUfctVCnhVi+QQj49i91OyvzkJl6cg==
  dependencies:
    glob-to-regexp "^0.4.1"
    graceful-fs "^4.1.2"
